// !$*UTF8*$!
{
	archiveVersion = 1;
	classes = {
	};
	objectVersion = 50;
	objects = {

/* Begin PBXBuildFile section */
		A50B52C525AD55060095D21A /* NetworkingManager.swift in Sources */ = {isa = PBXBuildFile; fileRef = A50B52C425AD55060095D21A /* NetworkingManager.swift */; };
		A50B52CF25AD59410095D21A /* EndPointType.swift in Sources */ = {isa = PBXBuildFile; fileRef = A50B52CE25AD59410095D21A /* EndPointType.swift */; };
		A50B52D425AD59A20095D21A /* HTTPMethod.swift in Sources */ = {isa = PBXBuildFile; fileRef = A50B52D325AD59A20095D21A /* HTTPMethod.swift */; };
		A50B52DD25AD72BB0095D21A /* ListEndPoint.swift in Sources */ = {isa = PBXBuildFile; fileRef = A50B52DC25AD72BB0095D21A /* ListEndPoint.swift */; };
		A50B52E625AD83270095D21A /* CodableParser.swift in Sources */ = {isa = PBXBuildFile; fileRef = A50B52E525AD83270095D21A /* CodableParser.swift */; };
		A53D710225AD3D3100C22881 /* AppDelegate.swift in Sources */ = {isa = PBXBuildFile; fileRef = A53D710125AD3D3100C22881 /* AppDelegate.swift */; };
		A53D710425AD3D3100C22881 /* SceneDelegate.swift in Sources */ = {isa = PBXBuildFile; fileRef = A53D710325AD3D3100C22881 /* SceneDelegate.swift */; };
		A53D710625AD3D3100C22881 /* SplashViewController.swift in Sources */ = {isa = PBXBuildFile; fileRef = A53D710525AD3D3100C22881 /* SplashViewController.swift */; };
		A53D710925AD3D3100C22881 /* Main.storyboard in Resources */ = {isa = PBXBuildFile; fileRef = A53D710725AD3D3100C22881 /* Main.storyboard */; };
		A53D710B25AD3D3300C22881 /* Assets.xcassets in Resources */ = {isa = PBXBuildFile; fileRef = A53D710A25AD3D3300C22881 /* Assets.xcassets */; };
		A53D711925AD3D3300C22881 /* BNOLXSTORETests.swift in Sources */ = {isa = PBXBuildFile; fileRef = A53D711825AD3D3300C22881 /* BNOLXSTORETests.swift */; };
		A53D712425AD3D3300C22881 /* BNOLXSTOREUITests.swift in Sources */ = {isa = PBXBuildFile; fileRef = A53D712325AD3D3300C22881 /* BNOLXSTOREUITests.swift */; };
		A53D714825AD44A400C22881 /* ListViewAssembly.swift in Sources */ = {isa = PBXBuildFile; fileRef = A53D714725AD44A400C22881 /* ListViewAssembly.swift */; };
		A53D714D25AD44C200C22881 /* ListViewInteractor.swift in Sources */ = {isa = PBXBuildFile; fileRef = A53D714C25AD44C200C22881 /* ListViewInteractor.swift */; };
		A53D715225AD44DA00C22881 /* ListViewPresenter.swift in Sources */ = {isa = PBXBuildFile; fileRef = A53D715125AD44DA00C22881 /* ListViewPresenter.swift */; };
		A53D715725AD45D800C22881 /* ListViewRouter.swift in Sources */ = {isa = PBXBuildFile; fileRef = A53D715625AD45D800C22881 /* ListViewRouter.swift */; };
		A53D715C25AD470600C22881 /* ListViewController.swift in Sources */ = {isa = PBXBuildFile; fileRef = A53D715B25AD470600C22881 /* ListViewController.swift */; };
		A53D716125AD471F00C22881 /* ListViewInteractorIO.swift in Sources */ = {isa = PBXBuildFile; fileRef = A53D716025AD471F00C22881 /* ListViewInteractorIO.swift */; };
		A53D716625AD472C00C22881 /* ListViewPresenterIO.swift in Sources */ = {isa = PBXBuildFile; fileRef = A53D716525AD472C00C22881 /* ListViewPresenterIO.swift */; };
		A53D716B25AD476400C22881 /* ListViewRouterIO.swift in Sources */ = {isa = PBXBuildFile; fileRef = A53D716A25AD476400C22881 /* ListViewRouterIO.swift */; };
/* End PBXBuildFile section */

/* Begin PBXContainerItemProxy section */
		A53D711525AD3D3300C22881 /* PBXContainerItemProxy */ = {
			isa = PBXContainerItemProxy;
			containerPortal = A53D70F625AD3D3100C22881 /* Project object */;
			proxyType = 1;
			remoteGlobalIDString = A53D70FD25AD3D3100C22881;
			remoteInfo = BNOLXSTORE;
		};
		A53D712025AD3D3300C22881 /* PBXContainerItemProxy */ = {
			isa = PBXContainerItemProxy;
			containerPortal = A53D70F625AD3D3100C22881 /* Project object */;
			proxyType = 1;
			remoteGlobalIDString = A53D70FD25AD3D3100C22881;
			remoteInfo = BNOLXSTORE;
		};
/* End PBXContainerItemProxy section */

/* Begin PBXFileReference section */
		A50B52C425AD55060095D21A /* NetworkingManager.swift */ = {isa = PBXFileReference; lastKnownFileType = sourcecode.swift; path = NetworkingManager.swift; sourceTree = "<group>"; };
		A50B52CE25AD59410095D21A /* EndPointType.swift */ = {isa = PBXFileReference; lastKnownFileType = sourcecode.swift; path = EndPointType.swift; sourceTree = "<group>"; };
		A50B52D325AD59A20095D21A /* HTTPMethod.swift */ = {isa = PBXFileReference; lastKnownFileType = sourcecode.swift; path = HTTPMethod.swift; sourceTree = "<group>"; };
		A50B52DC25AD72BB0095D21A /* ListEndPoint.swift */ = {isa = PBXFileReference; lastKnownFileType = sourcecode.swift; path = ListEndPoint.swift; sourceTree = "<group>"; };
		A50B52E525AD83270095D21A /* CodableParser.swift */ = {isa = PBXFileReference; lastKnownFileType = sourcecode.swift; path = CodableParser.swift; sourceTree = "<group>"; };
		A53D70FE25AD3D3100C22881 /* BNOLXSTORE.app */ = {isa = PBXFileReference; explicitFileType = wrapper.application; includeInIndex = 0; path = BNOLXSTORE.app; sourceTree = BUILT_PRODUCTS_DIR; };
		A53D710125AD3D3100C22881 /* AppDelegate.swift */ = {isa = PBXFileReference; lastKnownFileType = sourcecode.swift; path = AppDelegate.swift; sourceTree = "<group>"; };
		A53D710325AD3D3100C22881 /* SceneDelegate.swift */ = {isa = PBXFileReference; lastKnownFileType = sourcecode.swift; path = SceneDelegate.swift; sourceTree = "<group>"; };
		A53D710525AD3D3100C22881 /* SplashViewController.swift */ = {isa = PBXFileReference; lastKnownFileType = sourcecode.swift; path = SplashViewController.swift; sourceTree = "<group>"; };
		A53D710825AD3D3100C22881 /* Base */ = {isa = PBXFileReference; lastKnownFileType = file.storyboard; name = Base; path = Base.lproj/Main.storyboard; sourceTree = "<group>"; };
		A53D710A25AD3D3300C22881 /* Assets.xcassets */ = {isa = PBXFileReference; lastKnownFileType = folder.assetcatalog; path = Assets.xcassets; sourceTree = "<group>"; };
		A53D710F25AD3D3300C22881 /* Info.plist */ = {isa = PBXFileReference; lastKnownFileType = text.plist.xml; path = Info.plist; sourceTree = "<group>"; };
		A53D711425AD3D3300C22881 /* BNOLXSTORETests.xctest */ = {isa = PBXFileReference; explicitFileType = wrapper.cfbundle; includeInIndex = 0; path = BNOLXSTORETests.xctest; sourceTree = BUILT_PRODUCTS_DIR; };
		A53D711825AD3D3300C22881 /* BNOLXSTORETests.swift */ = {isa = PBXFileReference; lastKnownFileType = sourcecode.swift; path = BNOLXSTORETests.swift; sourceTree = "<group>"; };
		A53D711A25AD3D3300C22881 /* Info.plist */ = {isa = PBXFileReference; lastKnownFileType = text.plist.xml; path = Info.plist; sourceTree = "<group>"; };
		A53D711F25AD3D3300C22881 /* BNOLXSTOREUITests.xctest */ = {isa = PBXFileReference; explicitFileType = wrapper.cfbundle; includeInIndex = 0; path = BNOLXSTOREUITests.xctest; sourceTree = BUILT_PRODUCTS_DIR; };
		A53D712325AD3D3300C22881 /* BNOLXSTOREUITests.swift */ = {isa = PBXFileReference; lastKnownFileType = sourcecode.swift; path = BNOLXSTOREUITests.swift; sourceTree = "<group>"; };
		A53D712525AD3D3300C22881 /* Info.plist */ = {isa = PBXFileReference; lastKnownFileType = text.plist.xml; path = Info.plist; sourceTree = "<group>"; };
		A53D714725AD44A400C22881 /* ListViewAssembly.swift */ = {isa = PBXFileReference; lastKnownFileType = sourcecode.swift; path = ListViewAssembly.swift; sourceTree = "<group>"; };
		A53D714C25AD44C200C22881 /* ListViewInteractor.swift */ = {isa = PBXFileReference; lastKnownFileType = sourcecode.swift; path = ListViewInteractor.swift; sourceTree = "<group>"; };
		A53D715125AD44DA00C22881 /* ListViewPresenter.swift */ = {isa = PBXFileReference; lastKnownFileType = sourcecode.swift; path = ListViewPresenter.swift; sourceTree = "<group>"; };
		A53D715625AD45D800C22881 /* ListViewRouter.swift */ = {isa = PBXFileReference; lastKnownFileType = sourcecode.swift; path = ListViewRouter.swift; sourceTree = "<group>"; };
		A53D715B25AD470600C22881 /* ListViewController.swift */ = {isa = PBXFileReference; lastKnownFileType = sourcecode.swift; path = ListViewController.swift; sourceTree = "<group>"; };
		A53D716025AD471F00C22881 /* ListViewInteractorIO.swift */ = {isa = PBXFileReference; lastKnownFileType = sourcecode.swift; path = ListViewInteractorIO.swift; sourceTree = "<group>"; };
		A53D716525AD472C00C22881 /* ListViewPresenterIO.swift */ = {isa = PBXFileReference; lastKnownFileType = sourcecode.swift; path = ListViewPresenterIO.swift; sourceTree = "<group>"; };
		A53D716A25AD476400C22881 /* ListViewRouterIO.swift */ = {isa = PBXFileReference; lastKnownFileType = sourcecode.swift; path = ListViewRouterIO.swift; sourceTree = "<group>"; };
/* End PBXFileReference section */

/* Begin PBXFrameworksBuildPhase section */
		A53D70FB25AD3D3100C22881 /* Frameworks */ = {
			isa = PBXFrameworksBuildPhase;
			buildActionMask = 2147483647;
			files = (
			);
			runOnlyForDeploymentPostprocessing = 0;
		};
		A53D711125AD3D3300C22881 /* Frameworks */ = {
			isa = PBXFrameworksBuildPhase;
			buildActionMask = 2147483647;
			files = (
			);
			runOnlyForDeploymentPostprocessing = 0;
		};
		A53D711C25AD3D3300C22881 /* Frameworks */ = {
			isa = PBXFrameworksBuildPhase;
			buildActionMask = 2147483647;
			files = (
			);
			runOnlyForDeploymentPostprocessing = 0;
		};
/* End PBXFrameworksBuildPhase section */

/* Begin PBXGroup section */
		A50B52C325AD54F70095D21A /* Networking */ = {
			isa = PBXGroup;
			children = (
				A50B52E425AD82FE0095D21A /* DataParser */,
				A50B52DB25AD71CE0095D21A /* EndPoint */,
				A50B52CD25AD59210095D21A /* Service */,
				A50B52CC25AD58C30095D21A /* Manager */,
			);
			path = Networking;
			sourceTree = "<group>";
		};
		A50B52CC25AD58C30095D21A /* Manager */ = {
			isa = PBXGroup;
			children = (
				A50B52C425AD55060095D21A /* NetworkingManager.swift */,
			);
			path = Manager;
			sourceTree = "<group>";
		};
		A50B52CD25AD59210095D21A /* Service */ = {
			isa = PBXGroup;
			children = (
				A50B52CE25AD59410095D21A /* EndPointType.swift */,
				A50B52D325AD59A20095D21A /* HTTPMethod.swift */,
			);
			path = Service;
			sourceTree = "<group>";
		};
		A50B52DB25AD71CE0095D21A /* EndPoint */ = {
			isa = PBXGroup;
			children = (
				A50B52DC25AD72BB0095D21A /* ListEndPoint.swift */,
			);
			path = EndPoint;
			sourceTree = "<group>";
		};
		A50B52E425AD82FE0095D21A /* DataParser */ = {
			isa = PBXGroup;
			children = (
				A50B52E525AD83270095D21A /* CodableParser.swift */,
			);
			path = DataParser;
			sourceTree = "<group>";
		};
		A53D70F525AD3D3100C22881 = {
			isa = PBXGroup;
			children = (
				A53D710025AD3D3100C22881 /* BNOLXSTORE */,
				A53D711725AD3D3300C22881 /* BNOLXSTORETests */,
				A53D712225AD3D3300C22881 /* BNOLXSTOREUITests */,
				A53D70FF25AD3D3100C22881 /* Products */,
			);
			sourceTree = "<group>";
		};
		A53D70FF25AD3D3100C22881 /* Products */ = {
			isa = PBXGroup;
			children = (
				A53D70FE25AD3D3100C22881 /* BNOLXSTORE.app */,
				A53D711425AD3D3300C22881 /* BNOLXSTORETests.xctest */,
				A53D711F25AD3D3300C22881 /* BNOLXSTOREUITests.xctest */,
			);
			name = Products;
			sourceTree = "<group>";
		};
		A53D710025AD3D3100C22881 /* BNOLXSTORE */ = {
			isa = PBXGroup;
			children = (
				A50B52C325AD54F70095D21A /* Networking */,
				A53D710F25AD3D3300C22881 /* Info.plist */,
				A53D710A25AD3D3300C22881 /* Assets.xcassets */,
				A53D713A25AD40DF00C22881 /* AppDelegate */,
				A53D714125AD415300C22881 /* ListScreen */,
				A53D713C25AD412800C22881 /* Splash */,
				A53D714025AD413E00C22881 /* UI */,
			);
			path = BNOLXSTORE;
			sourceTree = "<group>";
		};
		A53D711725AD3D3300C22881 /* BNOLXSTORETests */ = {
			isa = PBXGroup;
			children = (
				A53D711825AD3D3300C22881 /* BNOLXSTORETests.swift */,
				A53D711A25AD3D3300C22881 /* Info.plist */,
			);
			path = BNOLXSTORETests;
			sourceTree = "<group>";
		};
		A53D712225AD3D3300C22881 /* BNOLXSTOREUITests */ = {
			isa = PBXGroup;
			children = (
				A53D712325AD3D3300C22881 /* BNOLXSTOREUITests.swift */,
				A53D712525AD3D3300C22881 /* Info.plist */,
			);
			path = BNOLXSTOREUITests;
			sourceTree = "<group>";
		};
		A53D713A25AD40DF00C22881 /* AppDelegate */ = {
			isa = PBXGroup;
			children = (
				A53D710125AD3D3100C22881 /* AppDelegate.swift */,
				A53D710325AD3D3100C22881 /* SceneDelegate.swift */,
			);
			path = AppDelegate;
			sourceTree = "<group>";
		};
		A53D713C25AD412800C22881 /* Splash */ = {
			isa = PBXGroup;
			children = (
				A53D710525AD3D3100C22881 /* SplashViewController.swift */,
			);
			path = Splash;
			sourceTree = "<group>";
		};
		A53D714025AD413E00C22881 /* UI */ = {
			isa = PBXGroup;
			children = (
				A53D710725AD3D3100C22881 /* Main.storyboard */,
			);
			path = UI;
			sourceTree = "<group>";
		};
		A53D714125AD415300C22881 /* ListScreen */ = {
			isa = PBXGroup;
			children = (
				A53D714225AD43A100C22881 /* Assembly */,
				A53D714525AD43D000C22881 /* Interactor */,
				A53D714325AD43BB00C22881 /* Presenter */,
				A53D714625AD43D900C22881 /* Router */,
				A53D714425AD43C600C22881 /* View */,
			);
			path = ListScreen;
			sourceTree = "<group>";
		};
		A53D714225AD43A100C22881 /* Assembly */ = {
			isa = PBXGroup;
			children = (
				A53D714725AD44A400C22881 /* ListViewAssembly.swift */,
			);
			path = Assembly;
			sourceTree = "<group>";
		};
		A53D714325AD43BB00C22881 /* Presenter */ = {
			isa = PBXGroup;
			children = (
				A53D715125AD44DA00C22881 /* ListViewPresenter.swift */,
				A53D716525AD472C00C22881 /* ListViewPresenterIO.swift */,
			);
			path = Presenter;
			sourceTree = "<group>";
		};
		A53D714425AD43C600C22881 /* View */ = {
			isa = PBXGroup;
			children = (
				A53D715B25AD470600C22881 /* ListViewController.swift */,
			);
			path = View;
			sourceTree = "<group>";
		};
		A53D714525AD43D000C22881 /* Interactor */ = {
			isa = PBXGroup;
			children = (
				A53D714C25AD44C200C22881 /* ListViewInteractor.swift */,
				A53D716025AD471F00C22881 /* ListViewInteractorIO.swift */,
			);
			path = Interactor;
			sourceTree = "<group>";
		};
		A53D714625AD43D900C22881 /* Router */ = {
			isa = PBXGroup;
			children = (
				A53D715625AD45D800C22881 /* ListViewRouter.swift */,
				A53D716A25AD476400C22881 /* ListViewRouterIO.swift */,
			);
			path = Router;
			sourceTree = "<group>";
		};
/* End PBXGroup section */

/* Begin PBXNativeTarget section */
		A53D70FD25AD3D3100C22881 /* BNOLXSTORE */ = {
			isa = PBXNativeTarget;
			buildConfigurationList = A53D712825AD3D3300C22881 /* Build configuration list for PBXNativeTarget "BNOLXSTORE" */;
			buildPhases = (
				A53D70FA25AD3D3100C22881 /* Sources */,
				A53D70FB25AD3D3100C22881 /* Frameworks */,
				A53D70FC25AD3D3100C22881 /* Resources */,
			);
			buildRules = (
			);
			dependencies = (
			);
			name = BNOLXSTORE;
			productName = BNOLXSTORE;
			productReference = A53D70FE25AD3D3100C22881 /* BNOLXSTORE.app */;
			productType = "com.apple.product-type.application";
		};
		A53D711325AD3D3300C22881 /* BNOLXSTORETests */ = {
			isa = PBXNativeTarget;
			buildConfigurationList = A53D712B25AD3D3300C22881 /* Build configuration list for PBXNativeTarget "BNOLXSTORETests" */;
			buildPhases = (
				A53D711025AD3D3300C22881 /* Sources */,
				A53D711125AD3D3300C22881 /* Frameworks */,
				A53D711225AD3D3300C22881 /* Resources */,
			);
			buildRules = (
			);
			dependencies = (
				A53D711625AD3D3300C22881 /* PBXTargetDependency */,
			);
			name = BNOLXSTORETests;
			productName = BNOLXSTORETests;
			productReference = A53D711425AD3D3300C22881 /* BNOLXSTORETests.xctest */;
			productType = "com.apple.product-type.bundle.unit-test";
		};
		A53D711E25AD3D3300C22881 /* BNOLXSTOREUITests */ = {
			isa = PBXNativeTarget;
			buildConfigurationList = A53D712E25AD3D3300C22881 /* Build configuration list for PBXNativeTarget "BNOLXSTOREUITests" */;
			buildPhases = (
				A53D711B25AD3D3300C22881 /* Sources */,
				A53D711C25AD3D3300C22881 /* Frameworks */,
				A53D711D25AD3D3300C22881 /* Resources */,
			);
			buildRules = (
			);
			dependencies = (
				A53D712125AD3D3300C22881 /* PBXTargetDependency */,
			);
			name = BNOLXSTOREUITests;
			productName = BNOLXSTOREUITests;
			productReference = A53D711F25AD3D3300C22881 /* BNOLXSTOREUITests.xctest */;
			productType = "com.apple.product-type.bundle.ui-testing";
		};
/* End PBXNativeTarget section */

/* Begin PBXProject section */
		A53D70F625AD3D3100C22881 /* Project object */ = {
			isa = PBXProject;
			attributes = {
				LastSwiftUpdateCheck = 1220;
				LastUpgradeCheck = 1220;
				TargetAttributes = {
					A53D70FD25AD3D3100C22881 = {
						CreatedOnToolsVersion = 12.2;
					};
					A53D711325AD3D3300C22881 = {
						CreatedOnToolsVersion = 12.2;
						TestTargetID = A53D70FD25AD3D3100C22881;
					};
					A53D711E25AD3D3300C22881 = {
						CreatedOnToolsVersion = 12.2;
						TestTargetID = A53D70FD25AD3D3100C22881;
					};
				};
			};
			buildConfigurationList = A53D70F925AD3D3100C22881 /* Build configuration list for PBXProject "BNOLXSTORE" */;
			compatibilityVersion = "Xcode 9.3";
			developmentRegion = en;
			hasScannedForEncodings = 0;
			knownRegions = (
				en,
				Base,
			);
			mainGroup = A53D70F525AD3D3100C22881;
			productRefGroup = A53D70FF25AD3D3100C22881 /* Products */;
			projectDirPath = "";
			projectRoot = "";
			targets = (
				A53D70FD25AD3D3100C22881 /* BNOLXSTORE */,
				A53D711325AD3D3300C22881 /* BNOLXSTORETests */,
				A53D711E25AD3D3300C22881 /* BNOLXSTOREUITests */,
			);
		};
/* End PBXProject section */

/* Begin PBXResourcesBuildPhase section */
		A53D70FC25AD3D3100C22881 /* Resources */ = {
			isa = PBXResourcesBuildPhase;
			buildActionMask = 2147483647;
			files = (
				A53D710B25AD3D3300C22881 /* Assets.xcassets in Resources */,
				A53D710925AD3D3100C22881 /* Main.storyboard in Resources */,
			);
			runOnlyForDeploymentPostprocessing = 0;
		};
		A53D711225AD3D3300C22881 /* Resources */ = {
			isa = PBXResourcesBuildPhase;
			buildActionMask = 2147483647;
			files = (
			);
			runOnlyForDeploymentPostprocessing = 0;
		};
		A53D711D25AD3D3300C22881 /* Resources */ = {
			isa = PBXResourcesBuildPhase;
			buildActionMask = 2147483647;
			files = (
			);
			runOnlyForDeploymentPostprocessing = 0;
		};
/* End PBXResourcesBuildPhase section */

/* Begin PBXSourcesBuildPhase section */
		A53D70FA25AD3D3100C22881 /* Sources */ = {
			isa = PBXSourcesBuildPhase;
			buildActionMask = 2147483647;
			files = (
				A50B52CF25AD59410095D21A /* EndPointType.swift in Sources */,
				A50B52DD25AD72BB0095D21A /* ListEndPoint.swift in Sources */,
				A53D714825AD44A400C22881 /* ListViewAssembly.swift in Sources */,
				A50B52D425AD59A20095D21A /* HTTPMethod.swift in Sources */,
				A53D710625AD3D3100C22881 /* SplashViewController.swift in Sources */,
				A50B52E625AD83270095D21A /* CodableParser.swift in Sources */,
				A53D710225AD3D3100C22881 /* AppDelegate.swift in Sources */,
				A53D716625AD472C00C22881 /* ListViewPresenterIO.swift in Sources */,
				A53D715725AD45D800C22881 /* ListViewRouter.swift in Sources */,
				A53D715225AD44DA00C22881 /* ListViewPresenter.swift in Sources */,
				A53D710425AD3D3100C22881 /* SceneDelegate.swift in Sources */,
				A53D716125AD471F00C22881 /* ListViewInteractorIO.swift in Sources */,
				A53D716B25AD476400C22881 /* ListViewRouterIO.swift in Sources */,
				A50B52C525AD55060095D21A /* NetworkingManager.swift in Sources */,
				A53D715C25AD470600C22881 /* ListViewController.swift in Sources */,
				A53D714D25AD44C200C22881 /* ListViewInteractor.swift in Sources */,
			);
			runOnlyForDeploymentPostprocessing = 0;
		};
		A53D711025AD3D3300C22881 /* Sources */ = {
			isa = PBXSourcesBuildPhase;
			buildActionMask = 2147483647;
			files = (
				A53D711925AD3D3300C22881 /* BNOLXSTORETests.swift in Sources */,
			);
			runOnlyForDeploymentPostprocessing = 0;
		};
		A53D711B25AD3D3300C22881 /* Sources */ = {
			isa = PBXSourcesBuildPhase;
			buildActionMask = 2147483647;
			files = (
				A53D712425AD3D3300C22881 /* BNOLXSTOREUITests.swift in Sources */,
			);
			runOnlyForDeploymentPostprocessing = 0;
		};
/* End PBXSourcesBuildPhase section */

/* Begin PBXTargetDependency section */
		A53D711625AD3D3300C22881 /* PBXTargetDependency */ = {
			isa = PBXTargetDependency;
			target = A53D70FD25AD3D3100C22881 /* BNOLXSTORE */;
			targetProxy = A53D711525AD3D3300C22881 /* PBXContainerItemProxy */;
		};
		A53D712125AD3D3300C22881 /* PBXTargetDependency */ = {
			isa = PBXTargetDependency;
			target = A53D70FD25AD3D3100C22881 /* BNOLXSTORE */;
			targetProxy = A53D712025AD3D3300C22881 /* PBXContainerItemProxy */;
		};
/* End PBXTargetDependency section */

/* Begin PBXVariantGroup section */
		A53D710725AD3D3100C22881 /* Main.storyboard */ = {
			isa = PBXVariantGroup;
			children = (
				A53D710825AD3D3100C22881 /* Base */,
			);
			name = Main.storyboard;
			sourceTree = "<group>";
		};
/* End PBXVariantGroup section */

/* Begin XCBuildConfiguration section */
		A53D712625AD3D3300C22881 /* Debug */ = {
			isa = XCBuildConfiguration;
			buildSettings = {
				ALWAYS_SEARCH_USER_PATHS = NO;
				CLANG_ANALYZER_NONNULL = YES;
				CLANG_ANALYZER_NUMBER_OBJECT_CONVERSION = YES_AGGRESSIVE;
				CLANG_CXX_LANGUAGE_STANDARD = "gnu++14";
				CLANG_CXX_LIBRARY = "libc++";
				CLANG_ENABLE_MODULES = YES;
				CLANG_ENABLE_OBJC_ARC = YES;
				CLANG_ENABLE_OBJC_WEAK = YES;
				CLANG_WARN_BLOCK_CAPTURE_AUTORELEASING = YES;
				CLANG_WARN_BOOL_CONVERSION = YES;
				CLANG_WARN_COMMA = YES;
				CLANG_WARN_CONSTANT_CONVERSION = YES;
				CLANG_WARN_DEPRECATED_OBJC_IMPLEMENTATIONS = YES;
				CLANG_WARN_DIRECT_OBJC_ISA_USAGE = YES_ERROR;
				CLANG_WARN_DOCUMENTATION_COMMENTS = YES;
				CLANG_WARN_EMPTY_BODY = YES;
				CLANG_WARN_ENUM_CONVERSION = YES;
				CLANG_WARN_INFINITE_RECURSION = YES;
				CLANG_WARN_INT_CONVERSION = YES;
				CLANG_WARN_NON_LITERAL_NULL_CONVERSION = YES;
				CLANG_WARN_OBJC_IMPLICIT_RETAIN_SELF = YES;
				CLANG_WARN_OBJC_LITERAL_CONVERSION = YES;
				CLANG_WARN_OBJC_ROOT_CLASS = YES_ERROR;
				CLANG_WARN_QUOTED_INCLUDE_IN_FRAMEWORK_HEADER = YES;
				CLANG_WARN_RANGE_LOOP_ANALYSIS = YES;
				CLANG_WARN_STRICT_PROTOTYPES = YES;
				CLANG_WARN_SUSPICIOUS_MOVE = YES;
				CLANG_WARN_UNGUARDED_AVAILABILITY = YES_AGGRESSIVE;
				CLANG_WARN_UNREACHABLE_CODE = YES;
				CLANG_WARN__DUPLICATE_METHOD_MATCH = YES;
				COPY_PHASE_STRIP = NO;
				DEBUG_INFORMATION_FORMAT = dwarf;
				ENABLE_STRICT_OBJC_MSGSEND = YES;
				ENABLE_TESTABILITY = YES;
				GCC_C_LANGUAGE_STANDARD = gnu11;
				GCC_DYNAMIC_NO_PIC = NO;
				GCC_NO_COMMON_BLOCKS = YES;
				GCC_OPTIMIZATION_LEVEL = 0;
				GCC_PREPROCESSOR_DEFINITIONS = (
					"DEBUG=1",
					"$(inherited)",
				);
				GCC_WARN_64_TO_32_BIT_CONVERSION = YES;
				GCC_WARN_ABOUT_RETURN_TYPE = YES_ERROR;
				GCC_WARN_UNDECLARED_SELECTOR = YES;
				GCC_WARN_UNINITIALIZED_AUTOS = YES_AGGRESSIVE;
				GCC_WARN_UNUSED_FUNCTION = YES;
				GCC_WARN_UNUSED_VARIABLE = YES;
				IPHONEOS_DEPLOYMENT_TARGET = 14.2;
				MTL_ENABLE_DEBUG_INFO = INCLUDE_SOURCE;
				MTL_FAST_MATH = YES;
				ONLY_ACTIVE_ARCH = YES;
				SDKROOT = iphoneos;
				SWIFT_ACTIVE_COMPILATION_CONDITIONS = DEBUG;
				SWIFT_OPTIMIZATION_LEVEL = "-Onone";
			};
			name = Debug;
		};
		A53D712725AD3D3300C22881 /* Release */ = {
			isa = XCBuildConfiguration;
			buildSettings = {
				ALWAYS_SEARCH_USER_PATHS = NO;
				CLANG_ANALYZER_NONNULL = YES;
				CLANG_ANALYZER_NUMBER_OBJECT_CONVERSION = YES_AGGRESSIVE;
				CLANG_CXX_LANGUAGE_STANDARD = "gnu++14";
				CLANG_CXX_LIBRARY = "libc++";
				CLANG_ENABLE_MODULES = YES;
				CLANG_ENABLE_OBJC_ARC = YES;
				CLANG_ENABLE_OBJC_WEAK = YES;
				CLANG_WARN_BLOCK_CAPTURE_AUTORELEASING = YES;
				CLANG_WARN_BOOL_CONVERSION = YES;
				CLANG_WARN_COMMA = YES;
				CLANG_WARN_CONSTANT_CONVERSION = YES;
				CLANG_WARN_DEPRECATED_OBJC_IMPLEMENTATIONS = YES;
				CLANG_WARN_DIRECT_OBJC_ISA_USAGE = YES_ERROR;
				CLANG_WARN_DOCUMENTATION_COMMENTS = YES;
				CLANG_WARN_EMPTY_BODY = YES;
				CLANG_WARN_ENUM_CONVERSION = YES;
				CLANG_WARN_INFINITE_RECURSION = YES;
				CLANG_WARN_INT_CONVERSION = YES;
				CLANG_WARN_NON_LITERAL_NULL_CONVERSION = YES;
				CLANG_WARN_OBJC_IMPLICIT_RETAIN_SELF = YES;
				CLANG_WARN_OBJC_LITERAL_CONVERSION = YES;
				CLANG_WARN_OBJC_ROOT_CLASS = YES_ERROR;
				CLANG_WARN_QUOTED_INCLUDE_IN_FRAMEWORK_HEADER = YES;
				CLANG_WARN_RANGE_LOOP_ANALYSIS = YES;
				CLANG_WARN_STRICT_PROTOTYPES = YES;
				CLANG_WARN_SUSPICIOUS_MOVE = YES;
				CLANG_WARN_UNGUARDED_AVAILABILITY = YES_AGGRESSIVE;
				CLANG_WARN_UNREACHABLE_CODE = YES;
				CLANG_WARN__DUPLICATE_METHOD_MATCH = YES;
				COPY_PHASE_STRIP = NO;
				DEBUG_INFORMATION_FORMAT = "dwarf-with-dsym";
				ENABLE_NS_ASSERTIONS = NO;
				ENABLE_STRICT_OBJC_MSGSEND = YES;
				GCC_C_LANGUAGE_STANDARD = gnu11;
				GCC_NO_COMMON_BLOCKS = YES;
				GCC_WARN_64_TO_32_BIT_CONVERSION = YES;
				GCC_WARN_ABOUT_RETURN_TYPE = YES_ERROR;
				GCC_WARN_UNDECLARED_SELECTOR = YES;
				GCC_WARN_UNINITIALIZED_AUTOS = YES_AGGRESSIVE;
				GCC_WARN_UNUSED_FUNCTION = YES;
				GCC_WARN_UNUSED_VARIABLE = YES;
				IPHONEOS_DEPLOYMENT_TARGET = 14.2;
				MTL_ENABLE_DEBUG_INFO = NO;
				MTL_FAST_MATH = YES;
				SDKROOT = iphoneos;
				SWIFT_COMPILATION_MODE = wholemodule;
				SWIFT_OPTIMIZATION_LEVEL = "-O";
				VALIDATE_PRODUCT = YES;
			};
			name = Release;
		};
		A53D712925AD3D3300C22881 /* Debug */ = {
			isa = XCBuildConfiguration;
			buildSettings = {
				ASSETCATALOG_COMPILER_APPICON_NAME = AppIcon;
				ASSETCATALOG_COMPILER_GLOBAL_ACCENT_COLOR_NAME = AccentColor;
				CODE_SIGN_STYLE = Automatic;
				DEVELOPMENT_TEAM = UXK2J48FX5;
				INFOPLIST_FILE = BNOLXSTORE/Info.plist;
				LD_RUNPATH_SEARCH_PATHS = (
					"$(inherited)",
					"@executable_path/Frameworks",
				);
				PRODUCT_BUNDLE_IDENTIFIER = BaluTutorials.BNOLXSTORE;
				PRODUCT_NAME = "$(TARGET_NAME)";
				SWIFT_VERSION = 5.0;
				TARGETED_DEVICE_FAMILY = "1,2";
			};
			name = Debug;
		};
		A53D712A25AD3D3300C22881 /* Release */ = {
			isa = XCBuildConfiguration;
			buildSettings = {
				ASSETCATALOG_COMPILER_APPICON_NAME = AppIcon;
				ASSETCATALOG_COMPILER_GLOBAL_ACCENT_COLOR_NAME = AccentColor;
				CODE_SIGN_STYLE = Automatic;
				DEVELOPMENT_TEAM = UXK2J48FX5;
				INFOPLIST_FILE = BNOLXSTORE/Info.plist;
				LD_RUNPATH_SEARCH_PATHS = (
					"$(inherited)",
					"@executable_path/Frameworks",
				);
				PRODUCT_BUNDLE_IDENTIFIER = BaluTutorials.BNOLXSTORE;
				PRODUCT_NAME = "$(TARGET_NAME)";
				SWIFT_VERSION = 5.0;
				TARGETED_DEVICE_FAMILY = "1,2";
			};
			name = Release;
		};
		A53D712C25AD3D3300C22881 /* Debug */ = {
			isa = XCBuildConfiguration;
			buildSettings = {
				ALWAYS_EMBED_SWIFT_STANDARD_LIBRARIES = YES;
				BUNDLE_LOADER = "$(TEST_HOST)";
				CODE_SIGN_STYLE = Automatic;
				DEVELOPMENT_TEAM = UXK2J48FX5;
				INFOPLIST_FILE = BNOLXSTORETests/Info.plist;
				IPHONEOS_DEPLOYMENT_TARGET = 14.2;
				LD_RUNPATH_SEARCH_PATHS = (
					"$(inherited)",
					"@executable_path/Frameworks",
					"@loader_path/Frameworks",
				);
				PRODUCT_BUNDLE_IDENTIFIER = BaluTutorials.BNOLXSTORETests;
				PRODUCT_NAME = "$(TARGET_NAME)";
				SWIFT_VERSION = 5.0;
				TARGETED_DEVICE_FAMILY = "1,2";
				TEST_HOST = "$(BUILT_PRODUCTS_DIR)/BNOLXSTORE.app/BNOLXSTORE";
			};
			name = Debug;
		};
		A53D712D25AD3D3300C22881 /* Release */ = {
			isa = XCBuildConfiguration;
			buildSettings = {
				ALWAYS_EMBED_SWIFT_STANDARD_LIBRARIES = YES;
				BUNDLE_LOADER = "$(TEST_HOST)";
				CODE_SIGN_STYLE = Automatic;
				DEVELOPMENT_TEAM = UXK2J48FX5;
				INFOPLIST_FILE = BNOLXSTORETests/Info.plist;
				IPHONEOS_DEPLOYMENT_TARGET = 14.2;
				LD_RUNPATH_SEARCH_PATHS = (
					"$(inherited)",
					"@executable_path/Frameworks",
					"@loader_path/Frameworks",
				);
				PRODUCT_BUNDLE_IDENTIFIER = BaluTutorials.BNOLXSTORETests;
				PRODUCT_NAME = "$(TARGET_NAME)";
				SWIFT_VERSION = 5.0;
				TARGETED_DEVICE_FAMILY = "1,2";
				TEST_HOST = "$(BUILT_PRODUCTS_DIR)/BNOLXSTORE.app/BNOLXSTORE";
			};
			name = Release;
		};
		A53D712F25AD3D3300C22881 /* Debug */ = {
			isa = XCBuildConfiguration;
			buildSettings = {
				ALWAYS_EMBED_SWIFT_STANDARD_LIBRARIES = YES;
				CODE_SIGN_STYLE = Automatic;
				DEVELOPMENT_TEAM = UXK2J48FX5;
				INFOPLIST_FILE = BNOLXSTOREUITests/Info.plist;
				LD_RUNPATH_SEARCH_PATHS = (
					"$(inherited)",
					"@executable_path/Frameworks",
					"@loader_path/Frameworks",
				);
				PRODUCT_BUNDLE_IDENTIFIER = BaluTutorials.BNOLXSTOREUITests;
				PRODUCT_NAME = "$(TARGET_NAME)";
				SWIFT_VERSION = 5.0;
				TARGETED_DEVICE_FAMILY = "1,2";
				TEST_TARGET_NAME = BNOLXSTORE;
			};
			name = Debug;
		};
		A53D713025AD3D3300C22881 /* Release */ = {
			isa = XCBuildConfiguration;
			buildSettings = {
				ALWAYS_EMBED_SWIFT_STANDARD_LIBRARIES = YES;
				CODE_SIGN_STYLE = Automatic;
				DEVELOPMENT_TEAM = UXK2J48FX5;
				INFOPLIST_FILE = BNOLXSTOREUITests/Info.plist;
				LD_RUNPATH_SEARCH_PATHS = (
					"$(inherited)",
					"@executable_path/Frameworks",
					"@loader_path/Frameworks",
				);
				PRODUCT_BUNDLE_IDENTIFIER = BaluTutorials.BNOLXSTOREUITests;
				PRODUCT_NAME = "$(TARGET_NAME)";
				SWIFT_VERSION = 5.0;
				TARGETED_DEVICE_FAMILY = "1,2";
				TEST_TARGET_NAME = BNOLXSTORE;
			};
			name = Release;
		};
/* End XCBuildConfiguration section */

/* Begin XCConfigurationList section */
		A53D70F925AD3D3100C22881 /* Build configuration list for PBXProject "BNOLXSTORE" */ = {
			isa = XCConfigurationList;
			buildConfigurations = (
				A53D712625AD3D3300C22881 /* Debug */,
				A53D712725AD3D3300C22881 /* Release */,
			);
			defaultConfigurationIsVisible = 0;
			defaultConfigurationName = Release;
		};
		A53D712825AD3D3300C22881 /* Build configuration list for PBXNativeTarget "BNOLXSTORE" */ = {
			isa = XCConfigurationList;
			buildConfigurations = (
				A53D712925AD3D3300C22881 /* Debug */,
				A53D712A25AD3D3300C22881 /* Release */,
			);
			defaultConfigurationIsVisible = 0;
			defaultConfigurationName = Release;
		};
		A53D712B25AD3D3300C22881 /* Build configuration list for PBXNativeTarget "BNOLXSTORETests" */ = {
			isa = XCConfigurationList;
			buildConfigurations = (
				A53D712C25AD3D3300C22881 /* Debug */,
				A53D712D25AD3D3300C22881 /* Release */,
			);
			defaultConfigurationIsVisible = 0;
			defaultConfigurationName = Release;
		};
		A53D712E25AD3D3300C22881 /* Build configuration list for PBXNativeTarget "BNOLXSTOREUITests" */ = {
			isa = XCConfigurationList;
			buildConfigurations = (
				A53D712F25AD3D3300C22881 /* Debug */,
				A53D713025AD3D3300C22881 /* Release */,
			);
			defaultConfigurationIsVisible = 0;
			defaultConfigurationName = Release;
		};
/* End XCConfigurationList section */
	};
	rootObject = A53D70F625AD3D3100C22881 /* Project object */;
}
